Microsoft Visual Studio Solution File, Format Version 12.00
# Visual Studio 2012
Project("{FAE04EC0-301F-11D3-BF4B-00C04F79EFBC}") = "Open Top Down AI", "Open Top Down AI.csproj", "{A7480728-78D5-4D78-8605-4EF98EE985B9}"
EndProject
Global
	GlobalSection(SolutionConfigurationPlatforms) = preSolution
	Debug|Any CPU = Debug|Any CPU
	ExportDebug|Any CPU = ExportDebug|Any CPU
	ExportRelease|Any CPU = ExportRelease|Any CPU
	EndGlobalSection
	GlobalSection(ProjectConfigurationPlatforms) = postSolution
		{A7480728-78D5-4D78-8605-4EF98EE985B9}.Debug|Any CPU.ActiveCfg = Debug|Any CPU
		{A7480728-78D5-4D78-8605-4EF98EE985B9}.Debug|Any CPU.Build.0 = Debug|Any CPU
		{A7480728-78D5-4D78-8605-4EF98EE985B9}.ExportDebug|Any CPU.ActiveCfg = ExportDebug|Any CPU
		{A7480728-78D5-4D78-8605-4EF98EE985B9}.ExportDebug|Any CPU.Build.0 = ExportDebug|Any CPU
		{A7480728-78D5-4D78-8605-4EF98EE985B9}.ExportRelease|Any CPU.ActiveCfg = ExportRelease|Any CPU
		{A7480728-78D5-4D78-8605-4EF98EE985B9}.ExportRelease|Any CPU.Build.0 = ExportRelease|Any CPU
	EndGlobalSection
EndGlobal
